
Microsoft Visual Studio Solution File, Format Version 12.00
# Visual Studio 14
VisualStudioVersion = 14.0.25420.1
MinimumVisualStudioVersion = 10.0.40219.1
Project("{FAE04EC0-301F-11D3-BF4B-00C04F79EFBC}") = "ServiciosProfesionales.Web", "ServiciosProfesionales.Web\ServiciosProfesionales.Web.csproj", "{7D01A6E9-8B1B-433B-BF0C-8D7104995D38}"
EndProject
Project("{FAE04EC0-301F-11D3-BF4B-00C04F79EFBC}") = "ServiciosProfesionales.DataAccess", "ServiciosProfesionales.DataAccess\ServiciosProfesionales.DataAccess.csproj", "{6E5F99AC-F3E3-4AFB-926E-618F9EFD4DB1}"
EndProject
Project("{FAE04EC0-301F-11D3-BF4B-00C04F79EFBC}") = "ServiciosProfesionales.Domain", "ServiciosProfesionales.Domain\ServiciosProfesionales.Domain.csproj", "{A64DC1DD-2B7F-492B-8831-1CF8A94C24E1}"
EndProject
Global
	GlobalSection(SolutionConfigurationPlatforms) = preSolution
		Debug|Any CPU = Debug|Any CPU
		Release|Any CPU = Release|Any CPU
	EndGlobalSection
	GlobalSection(ProjectConfigurationPlatforms) = postSolution
		{7D01A6E9-8B1B-433B-BF0C-8D7104995D38}.Debug|Any CPU.ActiveCfg = Debug|Any CPU
		{7D01A6E9-8B1B-433B-BF0C-8D7104995D38}.Debug|Any CPU.Build.0 = Debug|Any CPU
		{7D01A6E9-8B1B-433B-BF0C-8D7104995D38}.Release|Any CPU.ActiveCfg = Release|Any CPU
		{7D01A6E9-8B1B-433B-BF0C-8D7104995D38}.Release|Any CPU.Build.0 = Release|Any CPU
		{6E5F99AC-F3E3-4AFB-926E-618F9EFD4DB1}.Debug|Any CPU.ActiveCfg = Debug|Any CPU
		{6E5F99AC-F3E3-4AFB-926E-618F9EFD4DB1}.Debug|Any CPU.Build.0 = Debug|Any CPU
		{6E5F99AC-F3E3-4AFB-926E-618F9EFD4DB1}.Release|Any CPU.ActiveCfg = Release|Any CPU
		{6E5F99AC-F3E3-4AFB-926E-618F9EFD4DB1}.Release|Any CPU.Build.0 = Release|Any CPU
		{A64DC1DD-2B7F-492B-8831-1CF8A94C24E1}.Debug|Any CPU.ActiveCfg = Debug|Any CPU
		{A64DC1DD-2B7F-492B-8831-1CF8A94C24E1}.Debug|Any CPU.Build.0 = Debug|Any CPU
		{A64DC1DD-2B7F-492B-8831-1CF8A94C24E1}.Release|Any CPU.ActiveCfg = Release|Any CPU
		{A64DC1DD-2B7F-492B-8831-1CF8A94C24E1}.Release|Any CPU.Build.0 = Release|Any CPU
	EndGlobalSection
	GlobalSection(SolutionProperties) = preSolution
		HideSolutionNode = FALSE
	EndGlobalSection
EndGlobal
